
Microsoft Visual Studio Solution File, Format Version 12.00
# Visual Studio 2013
VisualStudioVersion = 12.0.30324.0
MinimumVisualStudioVersion = 10.0.40219.1
Project("{FAE04EC0-301F-11D3-BF4B-00C04F79EFBC}") = "JsParser.Core", "JsParser.Core\JsParser.Core.csproj", "{4C9696D4-5D66-40F0-AADD-8D6772D1A249}"
EndProject
Project("{FAE04EC0-301F-11D3-BF4B-00C04F79EFBC}") = "JsParser.Test", "JsParser.Test\JsParser.Test.csproj", "{A6217C4C-BBA4-4DBF-8352-7CC2A93CDBAB}"
EndProject
Project("{FAE04EC0-301F-11D3-BF4B-00C04F79EFBC}") = "JsParser.Package", "JsParser.Package\JsParser.Package.csproj", "{564B76C6-C96F-41AB-AA4F-2F09A9DB14BF}"
EndProject
Project("{FAE04EC0-301F-11D3-BF4B-00C04F79EFBC}") = "JsParser.AddIn", "JsParser.AddIn\JsParser.AddIn.csproj", "{1C699393-B880-4B7A-AD0E-64C1174718A1}"
EndProject
Project("{FAE04EC0-301F-11D3-BF4B-00C04F79EFBC}") = "JsParser.UI", "JsParser.UI\JsParser.UI.csproj", "{2C3A9341-BFB8-45DE-8B5C-E2BAFE3A3B80}"
EndProject
Project("{FAE04EC0-301F-11D3-BF4B-00C04F79EFBC}") = "JsParser.Package.2012", "JsParser.Package.2012\JsParser.Package.2012.csproj", "{05907E5B-3E90-4FA5-8D0D-02F65CA636DE}"
EndProject
Project("{FAE04EC0-301F-11D3-BF4B-00C04F79EFBC}") = "Jint.Parser", "Jint.Parser\Jint.Parser.csproj", "{F2D9F1AE-8DB3-4E58-A83C-3297EB69F715}"
EndProject
Project("{2150E333-8FDC-42A3-9474-1A3956D46DE8}") = "Solution Items", "Solution Items", "{807A3C04-84D7-4D97-8C38-8646E041E6CA}"
	ProjectSection(SolutionItems) = preProject
		Rebracer.xml = Rebracer.xml
	EndProjectSection
EndProject
Global
	GlobalSection(SolutionConfigurationPlatforms) = preSolution
		Debug|Any CPU = Debug|Any CPU
		Debug|Mixed Platforms = Debug|Mixed Platforms
		Debug|x86 = Debug|x86
		Release|Any CPU = Release|Any CPU
		Release|Mixed Platforms = Release|Mixed Platforms
		Release|x86 = Release|x86
	EndGlobalSection
	GlobalSection(ProjectConfigurationPlatforms) = postSolution
		{4C9696D4-5D66-40F0-AADD-8D6772D1A249}.Debug|Any CPU.ActiveCfg = Debug|Any CPU
		{4C9696D4-5D66-40F0-AADD-8D6772D1A249}.Debug|Any CPU.Build.0 = Debug|Any CPU
		{4C9696D4-5D66-40F0-AADD-8D6772D1A249}.Debug|Mixed Platforms.ActiveCfg = Debug|Any CPU
		{4C9696D4-5D66-40F0-AADD-8D6772D1A249}.Debug|Mixed Platforms.Build.0 = Debug|Any CPU
		{4C9696D4-5D66-40F0-AADD-8D6772D1A249}.Debug|x86.ActiveCfg = Debug|Any CPU
		{4C9696D4-5D66-40F0-AADD-8D6772D1A249}.Release|Any CPU.ActiveCfg = Release|Any CPU
		{4C9696D4-5D66-40F0-AADD-8D6772D1A249}.Release|Any CPU.Build.0 = Release|Any CPU
		{4C9696D4-5D66-40F0-AADD-8D6772D1A249}.Release|Mixed Platforms.ActiveCfg = Release|Any CPU
		{4C9696D4-5D66-40F0-AADD-8D6772D1A249}.Release|Mixed Platforms.Build.0 = Release|Any CPU
		{4C9696D4-5D66-40F0-AADD-8D6772D1A249}.Release|x86.ActiveCfg = Release|Any CPU
		{A6217C4C-BBA4-4DBF-8352-7CC2A93CDBAB}.Debug|Any CPU.ActiveCfg = Debug|x86
		{A6217C4C-BBA4-4DBF-8352-7CC2A93CDBAB}.Debug|Mixed Platforms.ActiveCfg = Debug|x86
		{A6217C4C-BBA4-4DBF-8352-7CC2A93CDBAB}.Debug|Mixed Platforms.Build.0 = Debug|x86
		{A6217C4C-BBA4-4DBF-8352-7CC2A93CDBAB}.Debug|x86.ActiveCfg = Debug|x86
		{A6217C4C-BBA4-4DBF-8352-7CC2A93CDBAB}.Debug|x86.Build.0 = Debug|x86
		{A6217C4C-BBA4-4DBF-8352-7CC2A93CDBAB}.Release|Any CPU.ActiveCfg = Release|x86
		{A6217C4C-BBA4-4DBF-8352-7CC2A93CDBAB}.Release|Mixed Platforms.ActiveCfg = Release|x86
		{A6217C4C-BBA4-4DBF-8352-7CC2A93CDBAB}.Release|Mixed Platforms.Build.0 = Release|x86
		{A6217C4C-BBA4-4DBF-8352-7CC2A93CDBAB}.Release|x86.ActiveCfg = Release|x86
		{A6217C4C-BBA4-4DBF-8352-7CC2A93CDBAB}.Release|x86.Build.0 = Release|x86
		{564B76C6-C96F-41AB-AA4F-2F09A9DB14BF}.Debug|Any CPU.ActiveCfg = Debug|Any CPU
		{564B76C6-C96F-41AB-AA4F-2F09A9DB14BF}.Debug|Any CPU.Build.0 = Debug|Any CPU
		{564B76C6-C96F-41AB-AA4F-2F09A9DB14BF}.Debug|Mixed Platforms.ActiveCfg = Debug|Any CPU
		{564B76C6-C96F-41AB-AA4F-2F09A9DB14BF}.Debug|Mixed Platforms.Build.0 = Debug|Any CPU
		{564B76C6-C96F-41AB-AA4F-2F09A9DB14BF}.Debug|x86.ActiveCfg = Debug|Any CPU
		{564B76C6-C96F-41AB-AA4F-2F09A9DB14BF}.Release|Any CPU.ActiveCfg = Release|Any CPU
		{564B76C6-C96F-41AB-AA4F-2F09A9DB14BF}.Release|Any CPU.Build.0 = Release|Any CPU
		{564B76C6-C96F-41AB-AA4F-2F09A9DB14BF}.Release|Mixed Platforms.ActiveCfg = Release|Any CPU
		{564B76C6-C96F-41AB-AA4F-2F09A9DB14BF}.Release|Mixed Platforms.Build.0 = Release|Any CPU
		{564B76C6-C96F-41AB-AA4F-2F09A9DB14BF}.Release|x86.ActiveCfg = Release|Any CPU
		{1C699393-B880-4B7A-AD0E-64C1174718A1}.Debug|Any CPU.ActiveCfg = Debug|Any CPU
		{1C699393-B880-4B7A-AD0E-64C1174718A1}.Debug|Any CPU.Build.0 = Debug|Any CPU
		{1C699393-B880-4B7A-AD0E-64C1174718A1}.Debug|Mixed Platforms.ActiveCfg = Debug|Any CPU
		{1C699393-B880-4B7A-AD0E-64C1174718A1}.Debug|Mixed Platforms.Build.0 = Debug|Any CPU
		{1C699393-B880-4B7A-AD0E-64C1174718A1}.Debug|x86.ActiveCfg = Debug|Any CPU
		{1C699393-B880-4B7A-AD0E-64C1174718A1}.Release|Any CPU.ActiveCfg = Release|Any CPU
		{1C699393-B880-4B7A-AD0E-64C1174718A1}.Release|Any CPU.Build.0 = Release|Any CPU
		{1C699393-B880-4B7A-AD0E-64C1174718A1}.Release|Mixed Platforms.ActiveCfg = Release|Any CPU
		{1C699393-B880-4B7A-AD0E-64C1174718A1}.Release|Mixed Platforms.Build.0 = Release|Any CPU
		{1C699393-B880-4B7A-AD0E-64C1174718A1}.Release|x86.ActiveCfg = Release|Any CPU
		{2C3A9341-BFB8-45DE-8B5C-E2BAFE3A3B80}.Debug|Any CPU.ActiveCfg = Debug|Any CPU
		{2C3A9341-BFB8-45DE-8B5C-E2BAFE3A3B80}.Debug|Any CPU.Build.0 = Debug|Any CPU
		{2C3A9341-BFB8-45DE-8B5C-E2BAFE3A3B80}.Debug|Mixed Platforms.ActiveCfg = Debug|Any CPU
		{2C3A9341-BFB8-45DE-8B5C-E2BAFE3A3B80}.Debug|Mixed Platforms.Build.0 = Debug|Any CPU
		{2C3A9341-BFB8-45DE-8B5C-E2BAFE3A3B80}.Debug|x86.ActiveCfg = Debug|Any CPU
		{2C3A9341-BFB8-45DE-8B5C-E2BAFE3A3B80}.Release|Any CPU.ActiveCfg = Release|Any CPU
		{2C3A9341-BFB8-45DE-8B5C-E2BAFE3A3B80}.Release|Any CPU.Build.0 = Release|Any CPU
		{2C3A9341-BFB8-45DE-8B5C-E2BAFE3A3B80}.Release|Mixed Platforms.ActiveCfg = Release|Any CPU
		{2C3A9341-BFB8-45DE-8B5C-E2BAFE3A3B80}.Release|Mixed Platforms.Build.0 = Release|Any CPU
		{2C3A9341-BFB8-45DE-8B5C-E2BAFE3A3B80}.Release|x86.ActiveCfg = Release|Any CPU
		{05907E5B-3E90-4FA5-8D0D-02F65CA636DE}.Debug|Any CPU.ActiveCfg = Debug|Any CPU
		{05907E5B-3E90-4FA5-8D0D-02F65CA636DE}.Debug|Any CPU.Build.0 = Debug|Any CPU
		{05907E5B-3E90-4FA5-8D0D-02F65CA636DE}.Debug|Mixed Platforms.ActiveCfg = Debug|Any CPU
		{05907E5B-3E90-4FA5-8D0D-02F65CA636DE}.Debug|Mixed Platforms.Build.0 = Debug|Any CPU
		{05907E5B-3E90-4FA5-8D0D-02F65CA636DE}.Debug|x86.ActiveCfg = Debug|Any CPU
		{05907E5B-3E90-4FA5-8D0D-02F65CA636DE}.Release|Any CPU.ActiveCfg = Release|Any CPU
		{05907E5B-3E90-4FA5-8D0D-02F65CA636DE}.Release|Any CPU.Build.0 = Release|Any CPU
		{05907E5B-3E90-4FA5-8D0D-02F65CA636DE}.Release|Mixed Platforms.ActiveCfg = Release|Any CPU
		{05907E5B-3E90-4FA5-8D0D-02F65CA636DE}.Release|Mixed Platforms.Build.0 = Release|Any CPU
		{05907E5B-3E90-4FA5-8D0D-02F65CA636DE}.Release|x86.ActiveCfg = Release|Any CPU
		{F2D9F1AE-8DB3-4E58-A83C-3297EB69F715}.Debug|Any CPU.ActiveCfg = Debug|Any CPU
		{F2D9F1AE-8DB3-4E58-A83C-3297EB69F715}.Debug|Any CPU.Build.0 = Debug|Any CPU
		{F2D9F1AE-8DB3-4E58-A83C-3297EB69F715}.Debug|Mixed Platforms.ActiveCfg = Debug|Any CPU
		{F2D9F1AE-8DB3-4E58-A83C-3297EB69F715}.Debug|Mixed Platforms.Build.0 = Debug|Any CPU
		{F2D9F1AE-8DB3-4E58-A83C-3297EB69F715}.Debug|x86.ActiveCfg = Debug|Any CPU
		{F2D9F1AE-8DB3-4E58-A83C-3297EB69F715}.Release|Any CPU.ActiveCfg = Release|Any CPU
		{F2D9F1AE-8DB3-4E58-A83C-3297EB69F715}.Release|Any CPU.Build.0 = Release|Any CPU
		{F2D9F1AE-8DB3-4E58-A83C-3297EB69F715}.Release|Mixed Platforms.ActiveCfg = Release|Any CPU
		{F2D9F1AE-8DB3-4E58-A83C-3297EB69F715}.Release|Mixed Platforms.Build.0 = Release|Any CPU
		{F2D9F1AE-8DB3-4E58-A83C-3297EB69F715}.Release|x86.ActiveCfg = Release|Any CPU
	EndGlobalSection
	GlobalSection(SolutionProperties) = preSolution
		HideSolutionNode = FALSE
	EndGlobalSection
EndGlobal
